Microsoft Visual Studio Solution File, Format Version 12.00
# Visual Studio Version 17
VisualStudioVersion = 17.5.2.0
MinimumVisualStudioVersion = 10.0.40219.1
Project("{FAE04EC0-301F-11D3-BF4B-00C04F79EFBC}") = "abastecimentoideal", "abastecimentoideal.csproj", "{CE3ED270-23B3-1CEA-CA53-D0287AA88B1C}"
EndProject
Global
	GlobalSection(SolutionConfigurationPlatforms) = preSolution
		Debug|Any CPU = Debug|Any CPU
		Release|Any CPU = Release|Any CPU
	EndGlobalSection
	GlobalSection(ProjectConfigurationPlatforms) = postSolution
		{CE3ED270-23B3-1CEA-CA53-D0287AA88B1C}.Debug|Any CPU.ActiveCfg = Debug|Any CPU
		{CE3ED270-23B3-1CEA-CA53-D0287AA88B1C}.Debug|Any CPU.Build.0 = Debug|Any CPU
		{CE3ED270-23B3-1CEA-CA53-D0287AA88B1C}.Release|Any CPU.ActiveCfg = Release|Any CPU
		{CE3ED270-23B3-1CEA-CA53-D0287AA88B1C}.Release|Any CPU.Build.0 = Release|Any CPU
	EndGlobalSection
	GlobalSection(SolutionProperties) = preSolution
		HideSolutionNode = FALSE
	EndGlobalSection
	GlobalSection(ExtensibilityGlobals) = postSolution
		SolutionGuid = {BDA9D959-C18C-49E7-90A5-7CF0F592DF1B}
	EndGlobalSection
EndGlobal
